
Microsoft Visual Studio Solution File, Format Version 12.00
# Visual Studio Version 17
VisualStudioVersion = 17.8.34525.116
MinimumVisualStudioVersion = 10.0.40219.1
Project("{9A19103F-16F7-4668-BE54-9A1E7A4F7556}") = "WinFormsApp1", "WinFormsApp1.csproj", "{A16F0E44-B955-4168-B861-314A9A97E6E8}"
EndProject
Project("{FAE04EC0-301F-11D3-BF4B-00C04F79EFBC}") = "LoginForm", "..\LoginForm\LoginForm.csproj", "{F4AC4F21-D6C4-4E96-B7A7-F1C10BEFCF4D}"
EndProject
Global
	GlobalSection(SolutionConfigurationPlatforms) = preSolution
		Debug|Any CPU = Debug|Any CPU
		Release|Any CPU = Release|Any CPU
	EndGlobalSection
	GlobalSection(ProjectConfigurationPlatforms) = postSolution
		{A16F0E44-B955-4168-B861-314A9A97E6E8}.Debug|Any CPU.ActiveCfg = Debug|Any CPU
		{A16F0E44-B955-4168-B861-314A9A97E6E8}.Debug|Any CPU.Build.0 = Debug|Any CPU
		{A16F0E44-B955-4168-B861-314A9A97E6E8}.Release|Any CPU.ActiveCfg = Release|Any CPU
		{A16F0E44-B955-4168-B861-314A9A97E6E8}.Release|Any CPU.Build.0 = Release|Any CPU
		{F4AC4F21-D6C4-4E96-B7A7-F1C10BEFCF4D}.Debug|Any CPU.ActiveCfg = Debug|Any CPU
		{F4AC4F21-D6C4-4E96-B7A7-F1C10BEFCF4D}.Debug|Any CPU.Build.0 = Debug|Any CPU
		{F4AC4F21-D6C4-4E96-B7A7-F1C10BEFCF4D}.Release|Any CPU.ActiveCfg = Release|Any CPU
		{F4AC4F21-D6C4-4E96-B7A7-F1C10BEFCF4D}.Release|Any CPU.Build.0 = Release|Any CPU
	EndGlobalSection
	GlobalSection(SolutionProperties) = preSolution
		HideSolutionNode = FALSE
	EndGlobalSection
	GlobalSection(ExtensibilityGlobals) = postSolution
		SolutionGuid = {BA2D180E-B883-480B-8C9B-715DB8631EDC}
	EndGlobalSection
EndGlobal
